
Microsoft Visual Studio Solution File, Format Version 12.00
# Visual Studio Version 17
VisualStudioVersion = 17.9.34723.18
MinimumVisualStudioVersion = 10.0.40219.1
Project("{9A19103F-16F7-4668-BE54-9A1E7A4F7556}") = "MyTibber.Service", "MyTibber.Service\MyTibber.Service.csproj", "{49295D23-4D1D-4A06-A642-9B1F580E600E}"
EndProject
Project("{9A19103F-16F7-4668-BE54-9A1E7A4F7556}") = "MyTibber.Common", "MyTibber.Common\MyTibber.Common.csproj", "{05EC861B-A843-4E32-9A76-5742B4E5B175}"
EndProject
Global
	GlobalSection(SolutionConfigurationPlatforms) = preSolution
		Debug|Any CPU = Debug|Any CPU
		Release|Any CPU = Release|Any CPU
	EndGlobalSection
	GlobalSection(ProjectConfigurationPlatforms) = postSolution
		{49295D23-4D1D-4A06-A642-9B1F580E600E}.Debug|Any CPU.ActiveCfg = Debug|Any CPU
		{49295D23-4D1D-4A06-A642-9B1F580E600E}.Debug|Any CPU.Build.0 = Debug|Any CPU
		{49295D23-4D1D-4A06-A642-9B1F580E600E}.Release|Any CPU.ActiveCfg = Release|Any CPU
		{49295D23-4D1D-4A06-A642-9B1F580E600E}.Release|Any CPU.Build.0 = Release|Any CPU
		{05EC861B-A843-4E32-9A76-5742B4E5B175}.Debug|Any CPU.ActiveCfg = Debug|Any CPU
		{05EC861B-A843-4E32-9A76-5742B4E5B175}.Debug|Any CPU.Build.0 = Debug|Any CPU
		{05EC861B-A843-4E32-9A76-5742B4E5B175}.Release|Any CPU.ActiveCfg = Release|Any CPU
		{05EC861B-A843-4E32-9A76-5742B4E5B175}.Release|Any CPU.Build.0 = Release|Any CPU
	EndGlobalSection
	GlobalSection(SolutionProperties) = preSolution
		HideSolutionNode = FALSE
	EndGlobalSection
	GlobalSection(ExtensibilityGlobals) = postSolution
		SolutionGuid = {9BF4BBD7-0985-420B-BFF8-271D6F3AB3C5}
	EndGlobalSection
EndGlobal
